
Microsoft Visual Studio Solution File, Format Version 12.00
# Visual Studio Version 17
VisualStudioVersion = 17.9.34607.119
MinimumVisualStudioVersion = 10.0.40219.1
Project("{9A19103F-16F7-4668-BE54-9A1E7A4F7556}") = "Entities", "Entities\Entities.csproj", "{8E5DA742-1D3B-45C7-97AF-D5ED02BA83CC}"
EndProject
Project("{9A19103F-16F7-4668-BE54-9A1E7A4F7556}") = "Business", "Business\Business.csproj", "{F3FE911A-6956-46C2-8022-95093CB4FAD6}"
EndProject
Project("{FAE04EC0-301F-11D3-BF4B-00C04F79EFBC}") = "WorkAround", "WorkAround\WorkAround.csproj", "{AB093E5B-99D2-4131-AF08-B6C2007EAB21}"
EndProject
Global
	GlobalSection(SolutionConfigurationPlatforms) = preSolution
		Debug|Any CPU = Debug|Any CPU
		Release|Any CPU = Release|Any CPU
	EndGlobalSection
	GlobalSection(ProjectConfigurationPlatforms) = postSolution
		{8E5DA742-1D3B-45C7-97AF-D5ED02BA83CC}.Debug|Any CPU.ActiveCfg = Debug|Any CPU
		{8E5DA742-1D3B-45C7-97AF-D5ED02BA83CC}.Debug|Any CPU.Build.0 = Debug|Any CPU
		{8E5DA742-1D3B-45C7-97AF-D5ED02BA83CC}.Release|Any CPU.ActiveCfg = Release|Any CPU
		{8E5DA742-1D3B-45C7-97AF-D5ED02BA83CC}.Release|Any CPU.Build.0 = Release|Any CPU
		{F3FE911A-6956-46C2-8022-95093CB4FAD6}.Debug|Any CPU.ActiveCfg = Debug|Any CPU
		{F3FE911A-6956-46C2-8022-95093CB4FAD6}.Debug|Any CPU.Build.0 = Debug|Any CPU
		{F3FE911A-6956-46C2-8022-95093CB4FAD6}.Release|Any CPU.ActiveCfg = Release|Any CPU
		{F3FE911A-6956-46C2-8022-95093CB4FAD6}.Release|Any CPU.Build.0 = Release|Any CPU
		{AB093E5B-99D2-4131-AF08-B6C2007EAB21}.Debug|Any CPU.ActiveCfg = Debug|Any CPU
		{AB093E5B-99D2-4131-AF08-B6C2007EAB21}.Debug|Any CPU.Build.0 = Debug|Any CPU
		{AB093E5B-99D2-4131-AF08-B6C2007EAB21}.Release|Any CPU.ActiveCfg = Release|Any CPU
		{AB093E5B-99D2-4131-AF08-B6C2007EAB21}.Release|Any CPU.Build.0 = Release|Any CPU
	EndGlobalSection
	GlobalSection(SolutionProperties) = preSolution
		HideSolutionNode = FALSE
	EndGlobalSection
	GlobalSection(ExtensibilityGlobals) = postSolution
		SolutionGuid = {4265F998-BD1E-4717-A7CA-01C326E783F4}
	EndGlobalSection
EndGlobal
